
Microsoft Visual Studio Solution File, Format Version 12.00
# Visual Studio Version 17
VisualStudioVersion = 17.4.33213.308
MinimumVisualStudioVersion = 10.0.40219.1
Project("{9A19103F-16F7-4668-BE54-9A1E7A4F7556}") = "Hikawa", "Hikawa\Hikawa.csproj", "{3B1425F3-78E8-4976-93CD-4554EC95B840}"
EndProject
Project("{2150E333-8FDC-42A3-9474-1A3956D46DE8}") = "_Documents", "_Documents", "{3DC13845-3B8A-4BBA-ABFC-419F5E3F4A3A}"
	ProjectSection(SolutionItems) = preProject
		what's up.txt = what's up.txt
	EndProjectSection
EndProject
Project("{2150E333-8FDC-42A3-9474-1A3956D46DE8}") = "Solution Items", "Solution Items", "{B1EF24EA-CE02-4964-BD8C-30268DAEEF46}"
	ProjectSection(SolutionItems) = preProject
		.editorconfig = .editorconfig
	EndProjectSection
EndProject
Project("{FAE04EC0-301F-11D3-BF4B-00C04F79EFBC}") = "Hikawa Arcade", "HikawaArcade\Hikawa Arcade.csproj", "{CF541B21-F2A7-4A7A-AF1E-58EBD7A8A623}"
EndProject
Global
	GlobalSection(SolutionConfigurationPlatforms) = preSolution
		Debug|Any CPU = Debug|Any CPU
		Release|Any CPU = Release|Any CPU
	EndGlobalSection
	GlobalSection(ProjectConfigurationPlatforms) = postSolution
		{3B1425F3-78E8-4976-93CD-4554EC95B840}.Debug|Any CPU.ActiveCfg = Debug|Any CPU
		{3B1425F3-78E8-4976-93CD-4554EC95B840}.Debug|Any CPU.Build.0 = Debug|Any CPU
		{3B1425F3-78E8-4976-93CD-4554EC95B840}.Release|Any CPU.ActiveCfg = Release|Any CPU
		{3B1425F3-78E8-4976-93CD-4554EC95B840}.Release|Any CPU.Build.0 = Release|Any CPU
		{CF541B21-F2A7-4A7A-AF1E-58EBD7A8A623}.Debug|Any CPU.ActiveCfg = Debug|Any CPU
		{CF541B21-F2A7-4A7A-AF1E-58EBD7A8A623}.Debug|Any CPU.Build.0 = Debug|Any CPU
		{CF541B21-F2A7-4A7A-AF1E-58EBD7A8A623}.Release|Any CPU.ActiveCfg = Release|Any CPU
		{CF541B21-F2A7-4A7A-AF1E-58EBD7A8A623}.Release|Any CPU.Build.0 = Release|Any CPU
	EndGlobalSection
	GlobalSection(SolutionProperties) = preSolution
		HideSolutionNode = FALSE
	EndGlobalSection
	GlobalSection(ExtensibilityGlobals) = postSolution
		SolutionGuid = {E9F54E92-6496-459C-B13E-FB7D0851CC38}
	EndGlobalSection
EndGlobal
