
Microsoft Visual Studio Solution File, Format Version 12.00
# Visual Studio Version 16
VisualStudioVersion = 16.0.29806.167
MinimumVisualStudioVersion = 10.0.40219.1
Project("{9A19103F-16F7-4668-BE54-9A1E7A4F7556}") = "Hikawa", "Hikawa\Hikawa.csproj", "{3B1425F3-78E8-4976-93CD-4554EC95B840}"
EndProject
Project("{FAE04EC0-301F-11D3-BF4B-00C04F79EFBC}") = "Rei", "Rei\Rei.csproj", "{7C67AFFB-98C8-401E-B39A-D6FF9A5999EF}"
EndProject
Project("{FAE04EC0-301F-11D3-BF4B-00C04F79EFBC}") = "Ami", "Ami\Ami.csproj", "{306FCE44-5AC1-4BDB-A2F8-76AC206170EB}"
EndProject
Project("{2150E333-8FDC-42A3-9474-1A3956D46DE8}") = "NPCs", "NPCs", "{312BD64E-40DD-4846-BE73-EBA74DA134EC}"
EndProject
Global
	GlobalSection(SolutionConfigurationPlatforms) = preSolution
		Debug|x86 = Debug|x86
		Release|x86 = Release|x86
	EndGlobalSection
	GlobalSection(ProjectConfigurationPlatforms) = postSolution
		{3B1425F3-78E8-4976-93CD-4554EC95B840}.Debug|x86.ActiveCfg = Debug|x86
		{3B1425F3-78E8-4976-93CD-4554EC95B840}.Debug|x86.Build.0 = Debug|x86
		{3B1425F3-78E8-4976-93CD-4554EC95B840}.Release|x86.ActiveCfg = Release|x86
		{3B1425F3-78E8-4976-93CD-4554EC95B840}.Release|x86.Build.0 = Release|x86
		{7C67AFFB-98C8-401E-B39A-D6FF9A5999EF}.Debug|x86.ActiveCfg = Debug|x86
		{7C67AFFB-98C8-401E-B39A-D6FF9A5999EF}.Debug|x86.Build.0 = Debug|x86
		{7C67AFFB-98C8-401E-B39A-D6FF9A5999EF}.Release|x86.ActiveCfg = Release|x86
		{7C67AFFB-98C8-401E-B39A-D6FF9A5999EF}.Release|x86.Build.0 = Release|x86
		{306FCE44-5AC1-4BDB-A2F8-76AC206170EB}.Debug|x86.ActiveCfg = Debug|x86
		{306FCE44-5AC1-4BDB-A2F8-76AC206170EB}.Debug|x86.Build.0 = Debug|x86
		{306FCE44-5AC1-4BDB-A2F8-76AC206170EB}.Release|x86.ActiveCfg = Release|x86
		{306FCE44-5AC1-4BDB-A2F8-76AC206170EB}.Release|x86.Build.0 = Release|x86
	EndGlobalSection
	GlobalSection(SolutionProperties) = preSolution
		HideSolutionNode = FALSE
	EndGlobalSection
	GlobalSection(NestedProjects) = preSolution
		{7C67AFFB-98C8-401E-B39A-D6FF9A5999EF} = {312BD64E-40DD-4846-BE73-EBA74DA134EC}
		{306FCE44-5AC1-4BDB-A2F8-76AC206170EB} = {312BD64E-40DD-4846-BE73-EBA74DA134EC}
	EndGlobalSection
	GlobalSection(ExtensibilityGlobals) = postSolution
		SolutionGuid = {E9F54E92-6496-459C-B13E-FB7D0851CC38}
	EndGlobalSection
EndGlobal
